
Microsoft Visual Studio Solution File, Format Version 12.00
# Visual Studio Version 16
VisualStudioVersion = 16.0.30320.27
MinimumVisualStudioVersion = 10.0.40219.1
Project("{888888A0-9F3D-457C-B088-3A5042F75D52}") = "mlib", "mlib.pyproj", "{155654C7-2E98-442F-B895-0C7D5E8D3C7E}"
EndProject
Global
	GlobalSection(SolutionConfigurationPlatforms) = preSolution
		Debug|Any CPU = Debug|Any CPU
		Release|Any CPU = Release|Any CPU
	EndGlobalSection
	GlobalSection(ProjectConfigurationPlatforms) = postSolution
		{155654C7-2E98-442F-B895-0C7D5E8D3C7E}.Debug|Any CPU.ActiveCfg = Debug|Any CPU
		{155654C7-2E98-442F-B895-0C7D5E8D3C7E}.Release|Any CPU.ActiveCfg = Release|Any CPU
	EndGlobalSection
	GlobalSection(SolutionProperties) = preSolution
		HideSolutionNode = FALSE
	EndGlobalSection
	GlobalSection(ExtensibilityGlobals) = postSolution
		SolutionGuid = {BB99CB8B-7373-49C7-B4C7-86B2943B6E3D}
	EndGlobalSection
EndGlobal
